
Microsoft Visual Studio Solution File, Format Version 12.00
# Visual Studio Version 17
VisualStudioVersion = 17.1.32407.343
MinimumVisualStudioVersion = 10.0.40219.1
Project("{9A19103F-16F7-4668-BE54-9A1E7A4F7556}") = "1-HelloTriangle", "1-HelloTriangle\1-HelloTriangle.csproj", "{A891BBD0-2BE2-4CEF-A194-E5133FD19EA0}"
EndProject
Project("{9A19103F-16F7-4668-BE54-9A1E7A4F7556}") = "2-ElementBufferObjects", "2-ElementBufferObjects\2-ElementBufferObjects.csproj", "{4DD90D5F-A211-4D40-8CD2-221471A7EEFE}"
EndProject
Project("{9A19103F-16F7-4668-BE54-9A1E7A4F7556}") = "4-Shaders-InsAndOuts", "4-Shaders-InsAndOuts\4-Shaders-InsAndOuts.csproj", "{EC78EAB1-A1BC-4011-B967-9112F2CAEA09}"
EndProject
Project("{9A19103F-16F7-4668-BE54-9A1E7A4F7556}") = "4-Shaders-MoreAttributes", "4-Shaders-MoreAttributes\4-Shaders-MoreAttributes.csproj", "{74616F57-5C24-4B00-BA63-010F8F0FA421}"
EndProject
Project("{9A19103F-16F7-4668-BE54-9A1E7A4F7556}") = "4-Shaders-Uniforms", "4-Shaders-Uniforms\4-Shaders-Uniforms.csproj", "{537F8E81-F6F9-4F01-ABF0-6290F207120F}"
EndProject
Project("{9A19103F-16F7-4668-BE54-9A1E7A4F7556}") = "3-MoreObjects", "3-MoreObjects\3-MoreObjects.csproj", "{463BB076-26D0-4BC9-BB72-32677F4B0745}"
EndProject
Project("{9A19103F-16F7-4668-BE54-9A1E7A4F7556}") = "4-Shaders-MoreAttributes(OpenGL 4.3)", "4-Shaders-MoreAttributes(OpenGL 4.3)\4-Shaders-MoreAttributes(OpenGL 4.3).csproj", "{B5E1DF03-E3EF-4BD6-B0C4-C52FE1068981}"
EndProject
Project("{9A19103F-16F7-4668-BE54-9A1E7A4F7556}") = "4-Shaders-MoreAttributesInterface", "4-Shaders-MoreAttributesInterface\4-Shaders-MoreAttributesInterface.csproj", "{4714AE4B-8F7A-4F43-9052-B38A720994A9}"
EndProject
Project("{9A19103F-16F7-4668-BE54-9A1E7A4F7556}") = "5-Textures", "5-Textures\5-Textures.csproj", "{73FB2E1A-7A22-4A35-8010-DBDF3A6BD2CA}"
EndProject
Global
	GlobalSection(SolutionConfigurationPlatforms) = preSolution
		Debug|Any CPU = Debug|Any CPU
		Debug|ARM = Debug|ARM
		Debug|ARM64 = Debug|ARM64
		Debug|x64 = Debug|x64
		Debug|x86 = Debug|x86
		Release|Any CPU = Release|Any CPU
		Release|ARM = Release|ARM
		Release|ARM64 = Release|ARM64
		Release|x64 = Release|x64
		Release|x86 = Release|x86
	EndGlobalSection
	GlobalSection(ProjectConfigurationPlatforms) = postSolution
		{A891BBD0-2BE2-4CEF-A194-E5133FD19EA0}.Debug|Any CPU.ActiveCfg = Debug|Any CPU
		{A891BBD0-2BE2-4CEF-A194-E5133FD19EA0}.Debug|Any CPU.Build.0 = Debug|Any CPU
		{A891BBD0-2BE2-4CEF-A194-E5133FD19EA0}.Debug|ARM.ActiveCfg = Debug|Any CPU
		{A891BBD0-2BE2-4CEF-A194-E5133FD19EA0}.Debug|ARM.Build.0 = Debug|Any CPU
		{A891BBD0-2BE2-4CEF-A194-E5133FD19EA0}.Debug|ARM64.ActiveCfg = Debug|Any CPU
		{A891BBD0-2BE2-4CEF-A194-E5133FD19EA0}.Debug|ARM64.Build.0 = Debug|Any CPU
		{A891BBD0-2BE2-4CEF-A194-E5133FD19EA0}.Debug|x64.ActiveCfg = Debug|Any CPU
		{A891BBD0-2BE2-4CEF-A194-E5133FD19EA0}.Debug|x64.Build.0 = Debug|Any CPU
		{A891BBD0-2BE2-4CEF-A194-E5133FD19EA0}.Debug|x86.ActiveCfg = Debug|Any CPU
		{A891BBD0-2BE2-4CEF-A194-E5133FD19EA0}.Debug|x86.Build.0 = Debug|Any CPU
		{A891BBD0-2BE2-4CEF-A194-E5133FD19EA0}.Release|Any CPU.ActiveCfg = Release|Any CPU
		{A891BBD0-2BE2-4CEF-A194-E5133FD19EA0}.Release|Any CPU.Build.0 = Release|Any CPU
		{A891BBD0-2BE2-4CEF-A194-E5133FD19EA0}.Release|ARM.ActiveCfg = Release|Any CPU
		{A891BBD0-2BE2-4CEF-A194-E5133FD19EA0}.Release|ARM.Build.0 = Release|Any CPU
		{A891BBD0-2BE2-4CEF-A194-E5133FD19EA0}.Release|ARM64.ActiveCfg = Release|Any CPU
		{A891BBD0-2BE2-4CEF-A194-E5133FD19EA0}.Release|ARM64.Build.0 = Release|Any CPU
		{A891BBD0-2BE2-4CEF-A194-E5133FD19EA0}.Release|x64.ActiveCfg = Release|Any CPU
		{A891BBD0-2BE2-4CEF-A194-E5133FD19EA0}.Release|x64.Build.0 = Release|Any CPU
		{A891BBD0-2BE2-4CEF-A194-E5133FD19EA0}.Release|x86.ActiveCfg = Release|Any CPU
		{A891BBD0-2BE2-4CEF-A194-E5133FD19EA0}.Release|x86.Build.0 = Release|Any CPU
		{4DD90D5F-A211-4D40-8CD2-221471A7EEFE}.Debug|Any CPU.ActiveCfg = Debug|Any CPU
		{4DD90D5F-A211-4D40-8CD2-221471A7EEFE}.Debug|Any CPU.Build.0 = Debug|Any CPU
		{4DD90D5F-A211-4D40-8CD2-221471A7EEFE}.Debug|ARM.ActiveCfg = Debug|Any CPU
		{4DD90D5F-A211-4D40-8CD2-221471A7EEFE}.Debug|ARM.Build.0 = Debug|Any CPU
		{4DD90D5F-A211-4D40-8CD2-221471A7EEFE}.Debug|ARM64.ActiveCfg = Debug|Any CPU
		{4DD90D5F-A211-4D40-8CD2-221471A7EEFE}.Debug|ARM64.Build.0 = Debug|Any CPU
		{4DD90D5F-A211-4D40-8CD2-221471A7EEFE}.Debug|x64.ActiveCfg = Debug|Any CPU
		{4DD90D5F-A211-4D40-8CD2-221471A7EEFE}.Debug|x64.Build.0 = Debug|Any CPU
		{4DD90D5F-A211-4D40-8CD2-221471A7EEFE}.Debug|x86.ActiveCfg = Debug|Any CPU
		{4DD90D5F-A211-4D40-8CD2-221471A7EEFE}.Debug|x86.Build.0 = Debug|Any CPU
		{4DD90D5F-A211-4D40-8CD2-221471A7EEFE}.Release|Any CPU.ActiveCfg = Release|Any CPU
		{4DD90D5F-A211-4D40-8CD2-221471A7EEFE}.Release|Any CPU.Build.0 = Release|Any CPU
		{4DD90D5F-A211-4D40-8CD2-221471A7EEFE}.Release|ARM.ActiveCfg = Release|Any CPU
		{4DD90D5F-A211-4D40-8CD2-221471A7EEFE}.Release|ARM.Build.0 = Release|Any CPU
		{4DD90D5F-A211-4D40-8CD2-221471A7EEFE}.Release|ARM64.ActiveCfg = Release|Any CPU
		{4DD90D5F-A211-4D40-8CD2-221471A7EEFE}.Release|ARM64.Build.0 = Release|Any CPU
		{4DD90D5F-A211-4D40-8CD2-221471A7EEFE}.Release|x64.ActiveCfg = Release|Any CPU
		{4DD90D5F-A211-4D40-8CD2-221471A7EEFE}.Release|x64.Build.0 = Release|Any CPU
		{4DD90D5F-A211-4D40-8CD2-221471A7EEFE}.Release|x86.ActiveCfg = Release|Any CPU
		{4DD90D5F-A211-4D40-8CD2-221471A7EEFE}.Release|x86.Build.0 = Release|Any CPU
		{EC78EAB1-A1BC-4011-B967-9112F2CAEA09}.Debug|Any CPU.ActiveCfg = Debug|Any CPU
		{EC78EAB1-A1BC-4011-B967-9112F2CAEA09}.Debug|Any CPU.Build.0 = Debug|Any CPU
		{EC78EAB1-A1BC-4011-B967-9112F2CAEA09}.Debug|ARM.ActiveCfg = Debug|Any CPU
		{EC78EAB1-A1BC-4011-B967-9112F2CAEA09}.Debug|ARM.Build.0 = Debug|Any CPU
		{EC78EAB1-A1BC-4011-B967-9112F2CAEA09}.Debug|ARM64.ActiveCfg = Debug|Any CPU
		{EC78EAB1-A1BC-4011-B967-9112F2CAEA09}.Debug|ARM64.Build.0 = Debug|Any CPU
		{EC78EAB1-A1BC-4011-B967-9112F2CAEA09}.Debug|x64.ActiveCfg = Debug|Any CPU
		{EC78EAB1-A1BC-4011-B967-9112F2CAEA09}.Debug|x64.Build.0 = Debug|Any CPU
		{EC78EAB1-A1BC-4011-B967-9112F2CAEA09}.Debug|x86.ActiveCfg = Debug|Any CPU
		{EC78EAB1-A1BC-4011-B967-9112F2CAEA09}.Debug|x86.Build.0 = Debug|Any CPU
		{EC78EAB1-A1BC-4011-B967-9112F2CAEA09}.Release|Any CPU.ActiveCfg = Release|Any CPU
		{EC78EAB1-A1BC-4011-B967-9112F2CAEA09}.Release|Any CPU.Build.0 = Release|Any CPU
		{EC78EAB1-A1BC-4011-B967-9112F2CAEA09}.Release|ARM.ActiveCfg = Release|Any CPU
		{EC78EAB1-A1BC-4011-B967-9112F2CAEA09}.Release|ARM.Build.0 = Release|Any CPU
		{EC78EAB1-A1BC-4011-B967-9112F2CAEA09}.Release|ARM64.ActiveCfg = Release|Any CPU
		{EC78EAB1-A1BC-4011-B967-9112F2CAEA09}.Release|ARM64.Build.0 = Release|Any CPU
		{EC78EAB1-A1BC-4011-B967-9112F2CAEA09}.Release|x64.ActiveCfg = Release|Any CPU
		{EC78EAB1-A1BC-4011-B967-9112F2CAEA09}.Release|x64.Build.0 = Release|Any CPU
		{EC78EAB1-A1BC-4011-B967-9112F2CAEA09}.Release|x86.ActiveCfg = Release|Any CPU
		{EC78EAB1-A1BC-4011-B967-9112F2CAEA09}.Release|x86.Build.0 = Release|Any CPU
		{74616F57-5C24-4B00-BA63-010F8F0FA421}.Debug|Any CPU.ActiveCfg = Debug|Any CPU
		{74616F57-5C24-4B00-BA63-010F8F0FA421}.Debug|Any CPU.Build.0 = Debug|Any CPU
		{74616F57-5C24-4B00-BA63-010F8F0FA421}.Debug|ARM.ActiveCfg = Debug|Any CPU
		{74616F57-5C24-4B00-BA63-010F8F0FA421}.Debug|ARM.Build.0 = Debug|Any CPU
		{74616F57-5C24-4B00-BA63-010F8F0FA421}.Debug|ARM64.ActiveCfg = Debug|Any CPU
		{74616F57-5C24-4B00-BA63-010F8F0FA421}.Debug|ARM64.Build.0 = Debug|Any CPU
		{74616F57-5C24-4B00-BA63-010F8F0FA421}.Debug|x64.ActiveCfg = Debug|Any CPU
		{74616F57-5C24-4B00-BA63-010F8F0FA421}.Debug|x64.Build.0 = Debug|Any CPU
		{74616F57-5C24-4B00-BA63-010F8F0FA421}.Debug|x86.ActiveCfg = Debug|Any CPU
		{74616F57-5C24-4B00-BA63-010F8F0FA421}.Debug|x86.Build.0 = Debug|Any CPU
		{74616F57-5C24-4B00-BA63-010F8F0FA421}.Release|Any CPU.ActiveCfg = Release|Any CPU
		{74616F57-5C24-4B00-BA63-010F8F0FA421}.Release|Any CPU.Build.0 = Release|Any CPU
		{74616F57-5C24-4B00-BA63-010F8F0FA421}.Release|ARM.ActiveCfg = Release|Any CPU
		{74616F57-5C24-4B00-BA63-010F8F0FA421}.Release|ARM.Build.0 = Release|Any CPU
		{74616F57-5C24-4B00-BA63-010F8F0FA421}.Release|ARM64.ActiveCfg = Release|Any CPU
		{74616F57-5C24-4B00-BA63-010F8F0FA421}.Release|ARM64.Build.0 = Release|Any CPU
		{74616F57-5C24-4B00-BA63-010F8F0FA421}.Release|x64.ActiveCfg = Release|Any CPU
		{74616F57-5C24-4B00-BA63-010F8F0FA421}.Release|x64.Build.0 = Release|Any CPU
		{74616F57-5C24-4B00-BA63-010F8F0FA421}.Release|x86.ActiveCfg = Release|Any CPU
		{74616F57-5C24-4B00-BA63-010F8F0FA421}.Release|x86.Build.0 = Release|Any CPU
		{537F8E81-F6F9-4F01-ABF0-6290F207120F}.Debug|Any CPU.ActiveCfg = Debug|Any CPU
		{537F8E81-F6F9-4F01-ABF0-6290F207120F}.Debug|Any CPU.Build.0 = Debug|Any CPU
		{537F8E81-F6F9-4F01-ABF0-6290F207120F}.Debug|ARM.ActiveCfg = Debug|Any CPU
		{537F8E81-F6F9-4F01-ABF0-6290F207120F}.Debug|ARM.Build.0 = Debug|Any CPU
		{537F8E81-F6F9-4F01-ABF0-6290F207120F}.Debug|ARM64.ActiveCfg = Debug|Any CPU
		{537F8E81-F6F9-4F01-ABF0-6290F207120F}.Debug|ARM64.Build.0 = Debug|Any CPU
		{537F8E81-F6F9-4F01-ABF0-6290F207120F}.Debug|x64.ActiveCfg = Debug|Any CPU
		{537F8E81-F6F9-4F01-ABF0-6290F207120F}.Debug|x64.Build.0 = Debug|Any CPU
		{537F8E81-F6F9-4F01-ABF0-6290F207120F}.Debug|x86.ActiveCfg = Debug|Any CPU
		{537F8E81-F6F9-4F01-ABF0-6290F207120F}.Debug|x86.Build.0 = Debug|Any CPU
		{537F8E81-F6F9-4F01-ABF0-6290F207120F}.Release|Any CPU.ActiveCfg = Release|Any CPU
		{537F8E81-F6F9-4F01-ABF0-6290F207120F}.Release|Any CPU.Build.0 = Release|Any CPU
		{537F8E81-F6F9-4F01-ABF0-6290F207120F}.Release|ARM.ActiveCfg = Release|Any CPU
		{537F8E81-F6F9-4F01-ABF0-6290F207120F}.Release|ARM.Build.0 = Release|Any CPU
		{537F8E81-F6F9-4F01-ABF0-6290F207120F}.Release|ARM64.ActiveCfg = Release|Any CPU
		{537F8E81-F6F9-4F01-ABF0-6290F207120F}.Release|ARM64.Build.0 = Release|Any CPU
		{537F8E81-F6F9-4F01-ABF0-6290F207120F}.Release|x64.ActiveCfg = Release|Any CPU
		{537F8E81-F6F9-4F01-ABF0-6290F207120F}.Release|x64.Build.0 = Release|Any CPU
		{537F8E81-F6F9-4F01-ABF0-6290F207120F}.Release|x86.ActiveCfg = Release|Any CPU
		{537F8E81-F6F9-4F01-ABF0-6290F207120F}.Release|x86.Build.0 = Release|Any CPU
		{463BB076-26D0-4BC9-BB72-32677F4B0745}.Debug|Any CPU.ActiveCfg = Debug|Any CPU
		{463BB076-26D0-4BC9-BB72-32677F4B0745}.Debug|Any CPU.Build.0 = Debug|Any CPU
		{463BB076-26D0-4BC9-BB72-32677F4B0745}.Debug|ARM.ActiveCfg = Debug|Any CPU
		{463BB076-26D0-4BC9-BB72-32677F4B0745}.Debug|ARM.Build.0 = Debug|Any CPU
		{463BB076-26D0-4BC9-BB72-32677F4B0745}.Debug|ARM64.ActiveCfg = Debug|Any CPU
		{463BB076-26D0-4BC9-BB72-32677F4B0745}.Debug|ARM64.Build.0 = Debug|Any CPU
		{463BB076-26D0-4BC9-BB72-32677F4B0745}.Debug|x64.ActiveCfg = Debug|Any CPU
		{463BB076-26D0-4BC9-BB72-32677F4B0745}.Debug|x64.Build.0 = Debug|Any CPU
		{463BB076-26D0-4BC9-BB72-32677F4B0745}.Debug|x86.ActiveCfg = Debug|Any CPU
		{463BB076-26D0-4BC9-BB72-32677F4B0745}.Debug|x86.Build.0 = Debug|Any CPU
		{463BB076-26D0-4BC9-BB72-32677F4B0745}.Release|Any CPU.ActiveCfg = Release|Any CPU
		{463BB076-26D0-4BC9-BB72-32677F4B0745}.Release|Any CPU.Build.0 = Release|Any CPU
		{463BB076-26D0-4BC9-BB72-32677F4B0745}.Release|ARM.ActiveCfg = Release|Any CPU
		{463BB076-26D0-4BC9-BB72-32677F4B0745}.Release|ARM.Build.0 = Release|Any CPU
		{463BB076-26D0-4BC9-BB72-32677F4B0745}.Release|ARM64.ActiveCfg = Release|Any CPU
		{463BB076-26D0-4BC9-BB72-32677F4B0745}.Release|ARM64.Build.0 = Release|Any CPU
		{463BB076-26D0-4BC9-BB72-32677F4B0745}.Release|x64.ActiveCfg = Release|Any CPU
		{463BB076-26D0-4BC9-BB72-32677F4B0745}.Release|x64.Build.0 = Release|Any CPU
		{463BB076-26D0-4BC9-BB72-32677F4B0745}.Release|x86.ActiveCfg = Release|Any CPU
		{463BB076-26D0-4BC9-BB72-32677F4B0745}.Release|x86.Build.0 = Release|Any CPU
		{B5E1DF03-E3EF-4BD6-B0C4-C52FE1068981}.Debug|Any CPU.ActiveCfg = Debug|Any CPU
		{B5E1DF03-E3EF-4BD6-B0C4-C52FE1068981}.Debug|Any CPU.Build.0 = Debug|Any CPU
		{B5E1DF03-E3EF-4BD6-B0C4-C52FE1068981}.Debug|ARM.ActiveCfg = Debug|Any CPU
		{B5E1DF03-E3EF-4BD6-B0C4-C52FE1068981}.Debug|ARM.Build.0 = Debug|Any CPU
		{B5E1DF03-E3EF-4BD6-B0C4-C52FE1068981}.Debug|ARM64.ActiveCfg = Debug|Any CPU
		{B5E1DF03-E3EF-4BD6-B0C4-C52FE1068981}.Debug|ARM64.Build.0 = Debug|Any CPU
		{B5E1DF03-E3EF-4BD6-B0C4-C52FE1068981}.Debug|x64.ActiveCfg = Debug|Any CPU
		{B5E1DF03-E3EF-4BD6-B0C4-C52FE1068981}.Debug|x64.Build.0 = Debug|Any CPU
		{B5E1DF03-E3EF-4BD6-B0C4-C52FE1068981}.Debug|x86.ActiveCfg = Debug|Any CPU
		{B5E1DF03-E3EF-4BD6-B0C4-C52FE1068981}.Debug|x86.Build.0 = Debug|Any CPU
		{B5E1DF03-E3EF-4BD6-B0C4-C52FE1068981}.Release|Any CPU.ActiveCfg = Release|Any CPU
		{B5E1DF03-E3EF-4BD6-B0C4-C52FE1068981}.Release|Any CPU.Build.0 = Release|Any CPU
		{B5E1DF03-E3EF-4BD6-B0C4-C52FE1068981}.Release|ARM.ActiveCfg = Release|Any CPU
		{B5E1DF03-E3EF-4BD6-B0C4-C52FE1068981}.Release|ARM.Build.0 = Release|Any CPU
		{B5E1DF03-E3EF-4BD6-B0C4-C52FE1068981}.Release|ARM64.ActiveCfg = Release|Any CPU
		{B5E1DF03-E3EF-4BD6-B0C4-C52FE1068981}.Release|ARM64.Build.0 = Release|Any CPU
		{B5E1DF03-E3EF-4BD6-B0C4-C52FE1068981}.Release|x64.ActiveCfg = Release|Any CPU
		{B5E1DF03-E3EF-4BD6-B0C4-C52FE1068981}.Release|x64.Build.0 = Release|Any CPU
		{B5E1DF03-E3EF-4BD6-B0C4-C52FE1068981}.Release|x86.ActiveCfg = Release|Any CPU
		{B5E1DF03-E3EF-4BD6-B0C4-C52FE1068981}.Release|x86.Build.0 = Release|Any CPU
		{4714AE4B-8F7A-4F43-9052-B38A720994A9}.Debug|Any CPU.ActiveCfg = Debug|Any CPU
		{4714AE4B-8F7A-4F43-9052-B38A720994A9}.Debug|Any CPU.Build.0 = Debug|Any CPU
		{4714AE4B-8F7A-4F43-9052-B38A720994A9}.Debug|ARM.ActiveCfg = Debug|Any CPU
		{4714AE4B-8F7A-4F43-9052-B38A720994A9}.Debug|ARM.Build.0 = Debug|Any CPU
		{4714AE4B-8F7A-4F43-9052-B38A720994A9}.Debug|ARM64.ActiveCfg = Debug|Any CPU
		{4714AE4B-8F7A-4F43-9052-B38A720994A9}.Debug|ARM64.Build.0 = Debug|Any CPU
		{4714AE4B-8F7A-4F43-9052-B38A720994A9}.Debug|x64.ActiveCfg = Debug|Any CPU
		{4714AE4B-8F7A-4F43-9052-B38A720994A9}.Debug|x64.Build.0 = Debug|Any CPU
		{4714AE4B-8F7A-4F43-9052-B38A720994A9}.Debug|x86.ActiveCfg = Debug|Any CPU
		{4714AE4B-8F7A-4F43-9052-B38A720994A9}.Debug|x86.Build.0 = Debug|Any CPU
		{4714AE4B-8F7A-4F43-9052-B38A720994A9}.Release|Any CPU.ActiveCfg = Release|Any CPU
		{4714AE4B-8F7A-4F43-9052-B38A720994A9}.Release|Any CPU.Build.0 = Release|Any CPU
		{4714AE4B-8F7A-4F43-9052-B38A720994A9}.Release|ARM.ActiveCfg = Release|Any CPU
		{4714AE4B-8F7A-4F43-9052-B38A720994A9}.Release|ARM.Build.0 = Release|Any CPU
		{4714AE4B-8F7A-4F43-9052-B38A720994A9}.Release|ARM64.ActiveCfg = Release|Any CPU
		{4714AE4B-8F7A-4F43-9052-B38A720994A9}.Release|ARM64.Build.0 = Release|Any CPU
		{4714AE4B-8F7A-4F43-9052-B38A720994A9}.Release|x64.ActiveCfg = Release|Any CPU
		{4714AE4B-8F7A-4F43-9052-B38A720994A9}.Release|x64.Build.0 = Release|Any CPU
		{4714AE4B-8F7A-4F43-9052-B38A720994A9}.Release|x86.ActiveCfg = Release|Any CPU
		{4714AE4B-8F7A-4F43-9052-B38A720994A9}.Release|x86.Build.0 = Release|Any CPU
		{73FB2E1A-7A22-4A35-8010-DBDF3A6BD2CA}.Debug|Any CPU.ActiveCfg = Debug|Any CPU
		{73FB2E1A-7A22-4A35-8010-DBDF3A6BD2CA}.Debug|Any CPU.Build.0 = Debug|Any CPU
		{73FB2E1A-7A22-4A35-8010-DBDF3A6BD2CA}.Debug|ARM.ActiveCfg = Debug|Any CPU
		{73FB2E1A-7A22-4A35-8010-DBDF3A6BD2CA}.Debug|ARM.Build.0 = Debug|Any CPU
		{73FB2E1A-7A22-4A35-8010-DBDF3A6BD2CA}.Debug|ARM64.ActiveCfg = Debug|Any CPU
		{73FB2E1A-7A22-4A35-8010-DBDF3A6BD2CA}.Debug|ARM64.Build.0 = Debug|Any CPU
		{73FB2E1A-7A22-4A35-8010-DBDF3A6BD2CA}.Debug|x64.ActiveCfg = Debug|Any CPU
		{73FB2E1A-7A22-4A35-8010-DBDF3A6BD2CA}.Debug|x64.Build.0 = Debug|Any CPU
		{73FB2E1A-7A22-4A35-8010-DBDF3A6BD2CA}.Debug|x86.ActiveCfg = Debug|Any CPU
		{73FB2E1A-7A22-4A35-8010-DBDF3A6BD2CA}.Debug|x86.Build.0 = Debug|Any CPU
		{73FB2E1A-7A22-4A35-8010-DBDF3A6BD2CA}.Release|Any CPU.ActiveCfg = Release|Any CPU
		{73FB2E1A-7A22-4A35-8010-DBDF3A6BD2CA}.Release|Any CPU.Build.0 = Release|Any CPU
		{73FB2E1A-7A22-4A35-8010-DBDF3A6BD2CA}.Release|ARM.ActiveCfg = Release|Any CPU
		{73FB2E1A-7A22-4A35-8010-DBDF3A6BD2CA}.Release|ARM.Build.0 = Release|Any CPU
		{73FB2E1A-7A22-4A35-8010-DBDF3A6BD2CA}.Release|ARM64.ActiveCfg = Release|Any CPU
		{73FB2E1A-7A22-4A35-8010-DBDF3A6BD2CA}.Release|ARM64.Build.0 = Release|Any CPU
		{73FB2E1A-7A22-4A35-8010-DBDF3A6BD2CA}.Release|x64.ActiveCfg = Release|Any CPU
		{73FB2E1A-7A22-4A35-8010-DBDF3A6BD2CA}.Release|x64.Build.0 = Release|Any CPU
		{73FB2E1A-7A22-4A35-8010-DBDF3A6BD2CA}.Release|x86.ActiveCfg = Release|Any CPU
		{73FB2E1A-7A22-4A35-8010-DBDF3A6BD2CA}.Release|x86.Build.0 = Release|Any CPU
	EndGlobalSection
	GlobalSection(SolutionProperties) = preSolution
		HideSolutionNode = FALSE
	EndGlobalSection
	GlobalSection(ExtensibilityGlobals) = postSolution
		SolutionGuid = {7702899A-3C51-480A-8E69-5C1CB5DB1425}
	EndGlobalSection
EndGlobal
